Microsoft Visual Studio Solution File, Format Version 12.00
# Visual Studio 15
Project("{8BC9CEB8-8B4A-11D0-8D11-00A0C91BC942}") = "ALL_BUILD", "ALL_BUILD.vcxproj", "{AA1C5FCD-0982-3AB9-809F-4C49A473BA5F}"
	ProjectSection(ProjectDependencies) = postProject
		{796FCAA1-2173-3EFB-9BE9-14A40C7C9220} = {796FCAA1-2173-3EFB-9BE9-14A40C7C9220}
		{F08E2667-D11A-33D6-94F0-57AAB9D8C620} = {F08E2667-D11A-33D6-94F0-57AAB9D8C620}
		{4931D88E-4F8E-3E15-B232-78DE2FF94776} = {4931D88E-4F8E-3E15-B232-78DE2FF94776}
		{7807EA2D-DCC1-3B27-9F07-E0B8F6ADF354} = {7807EA2D-DCC1-3B27-9F07-E0B8F6ADF354}
		{6F2BDF16-216A-3884-99AD-D1A6EBEF6C26} = {6F2BDF16-216A-3884-99AD-D1A6EBEF6C26}
		{BB3BBF45-97F6-3E23-AA29-7D46ECBD5345} = {BB3BBF45-97F6-3E23-AA29-7D46ECBD5345}
		{94FF17D0-B82E-3B63-B722-18043E08D81D} = {94FF17D0-B82E-3B63-B722-18043E08D81D}
		{50C55074-6349-3721-A2C9-A6693AFF36C9} = {50C55074-6349-3721-A2C9-A6693AFF36C9}
		{E6E7E95A-03D9-3E98-9DFB-132EE141754F} = {E6E7E95A-03D9-3E98-9DFB-132EE141754F}
		{123747EF-C858-3D66-91B4-B48166B478A2} = {123747EF-C858-3D66-91B4-B48166B478A2}
		{5FCD91AC-7392-3C00-A507-02E2D4CC681F} = {5FCD91AC-7392-3C00-A507-02E2D4CC681F}
		{6F8CB304-7E14-3A66-9DCB-904A84798B29} = {6F8CB304-7E14-3A66-9DCB-904A84798B29}
		{D8ABBA70-3D13-31F3-8D6F-F706FFE69826} = {D8ABBA70-3D13-31F3-8D6F-F706FFE69826}
		{4EA569AF-CFDB-3146-891D-DD716414595B} = {4EA569AF-CFDB-3146-891D-DD716414595B}
		{D6A95CD4-FB2D-3AF1-A933-2CA948C0D44E} = {D6A95CD4-FB2D-3AF1-A933-2CA948C0D44E}
		{9D5A02F1-116C-346E-8988-13EBDD041A38} = {9D5A02F1-116C-346E-8988-13EBDD041A38}
	EndProjectSection
EndProject
Project("{8BC9CEB8-8B4A-11D0-8D11-00A0C91BC942}") = "INSTALL", "INSTALL.vcxproj", "{DBBE2236-FA3A-35A6-AE8F-C0DC73C8C85F}"
	ProjectSection(ProjectDependencies) = postProject
		{AA1C5FCD-0982-3AB9-809F-4C49A473BA5F} = {AA1C5FCD-0982-3AB9-809F-4C49A473BA5F}
		{796FCAA1-2173-3EFB-9BE9-14A40C7C9220} = {796FCAA1-2173-3EFB-9BE9-14A40C7C9220}
	EndProjectSection
EndProject
Project("{8BC9CEB8-8B4A-11D0-8D11-00A0C91BC942}") = "PACKAGE", "PACKAGE.vcxproj", "{25C88A5A-5D29-352C-A6CF-FDDF96F76DE6}"
	ProjectSection(ProjectDependencies) = postProject
		{AA1C5FCD-0982-3AB9-809F-4C49A473BA5F} = {AA1C5FCD-0982-3AB9-809F-4C49A473BA5F}
		{796FCAA1-2173-3EFB-9BE9-14A40C7C9220} = {796FCAA1-2173-3EFB-9BE9-14A40C7C9220}
	EndProjectSection
EndProject
Project("{8BC9CEB8-8B4A-11D0-8D11-00A0C91BC942}") = "ZERO_CHECK", "ZERO_CHECK.vcxproj", "{796FCAA1-2173-3EFB-9BE9-14A40C7C9220}"
	ProjectSection(ProjectDependencies) = postProject
	EndProjectSection
EndProject
Project("{8BC9CEB8-8B4A-11D0-8D11-00A0C91BC942}") = "airfoil_self_noise", "examples\airfoil_self_noise\airfoil_self_noise.vcxproj", "{F08E2667-D11A-33D6-94F0-57AAB9D8C620}"
	ProjectSection(ProjectDependencies) = postProject
		{796FCAA1-2173-3EFB-9BE9-14A40C7C9220} = {796FCAA1-2173-3EFB-9BE9-14A40C7C9220}
		{50C55074-6349-3721-A2C9-A6693AFF36C9} = {50C55074-6349-3721-A2C9-A6693AFF36C9}
		{D8ABBA70-3D13-31F3-8D6F-F706FFE69826} = {D8ABBA70-3D13-31F3-8D6F-F706FFE69826}
	EndProjectSection
EndProject
Project("{8BC9CEB8-8B4A-11D0-8D11-00A0C91BC942}") = "blank", "blank\blank.vcxproj", "{4931D88E-4F8E-3E15-B232-78DE2FF94776}"
	ProjectSection(ProjectDependencies) = postProject
		{796FCAA1-2173-3EFB-9BE9-14A40C7C9220} = {796FCAA1-2173-3EFB-9BE9-14A40C7C9220}
		{50C55074-6349-3721-A2C9-A6693AFF36C9} = {50C55074-6349-3721-A2C9-A6693AFF36C9}
		{D8ABBA70-3D13-31F3-8D6F-F706FFE69826} = {D8ABBA70-3D13-31F3-8D6F-F706FFE69826}
	EndProjectSection
EndProject
Project("{8BC9CEB8-8B4A-11D0-8D11-00A0C91BC942}") = "breast_cancer", "examples\breast_cancer\breast_cancer.vcxproj", "{7807EA2D-DCC1-3B27-9F07-E0B8F6ADF354}"
	ProjectSection(ProjectDependencies) = postProject
		{796FCAA1-2173-3EFB-9BE9-14A40C7C9220} = {796FCAA1-2173-3EFB-9BE9-14A40C7C9220}
		{50C55074-6349-3721-A2C9-A6693AFF36C9} = {50C55074-6349-3721-A2C9-A6693AFF36C9}
		{D8ABBA70-3D13-31F3-8D6F-F706FFE69826} = {D8ABBA70-3D13-31F3-8D6F-F706FFE69826}
	EndProjectSection
EndProject
Project("{8BC9CEB8-8B4A-11D0-8D11-00A0C91BC942}") = "iris_plant", "examples\iris_plant\iris_plant.vcxproj", "{6F2BDF16-216A-3884-99AD-D1A6EBEF6C26}"
	ProjectSection(ProjectDependencies) = postProject
		{796FCAA1-2173-3EFB-9BE9-14A40C7C9220} = {796FCAA1-2173-3EFB-9BE9-14A40C7C9220}
		{50C55074-6349-3721-A2C9-A6693AFF36C9} = {50C55074-6349-3721-A2C9-A6693AFF36C9}
		{D8ABBA70-3D13-31F3-8D6F-F706FFE69826} = {D8ABBA70-3D13-31F3-8D6F-F706FFE69826}
	EndProjectSection
EndProject
Project("{8BC9CEB8-8B4A-11D0-8D11-00A0C91BC942}") = "leukemia", "examples\leukemia\leukemia.vcxproj", "{BB3BBF45-97F6-3E23-AA29-7D46ECBD5345}"
	ProjectSection(ProjectDependencies) = postProject
		{796FCAA1-2173-3EFB-9BE9-14A40C7C9220} = {796FCAA1-2173-3EFB-9BE9-14A40C7C9220}
		{50C55074-6349-3721-A2C9-A6693AFF36C9} = {50C55074-6349-3721-A2C9-A6693AFF36C9}
		{D8ABBA70-3D13-31F3-8D6F-F706FFE69826} = {D8ABBA70-3D13-31F3-8D6F-F706FFE69826}
	EndProjectSection
EndProject
Project("{8BC9CEB8-8B4A-11D0-8D11-00A0C91BC942}") = "logical_operations", "examples\logical_operations\logical_operations.vcxproj", "{94FF17D0-B82E-3B63-B722-18043E08D81D}"
	ProjectSection(ProjectDependencies) = postProject
		{796FCAA1-2173-3EFB-9BE9-14A40C7C9220} = {796FCAA1-2173-3EFB-9BE9-14A40C7C9220}
		{50C55074-6349-3721-A2C9-A6693AFF36C9} = {50C55074-6349-3721-A2C9-A6693AFF36C9}
		{D8ABBA70-3D13-31F3-8D6F-F706FFE69826} = {D8ABBA70-3D13-31F3-8D6F-F706FFE69826}
	EndProjectSection
EndProject
Project("{8BC9CEB8-8B4A-11D0-8D11-00A0C91BC942}") = "opennn", "opennn\opennn.vcxproj", "{50C55074-6349-3721-A2C9-A6693AFF36C9}"
	ProjectSection(ProjectDependencies) = postProject
		{796FCAA1-2173-3EFB-9BE9-14A40C7C9220} = {796FCAA1-2173-3EFB-9BE9-14A40C7C9220}
		{D8ABBA70-3D13-31F3-8D6F-F706FFE69826} = {D8ABBA70-3D13-31F3-8D6F-F706FFE69826}
	EndProjectSection
EndProject
Project("{8BC9CEB8-8B4A-11D0-8D11-00A0C91BC942}") = "opennntests", "tests\opennntests.vcxproj", "{E6E7E95A-03D9-3E98-9DFB-132EE141754F}"
	ProjectSection(ProjectDependencies) = postProject
		{796FCAA1-2173-3EFB-9BE9-14A40C7C9220} = {796FCAA1-2173-3EFB-9BE9-14A40C7C9220}
		{50C55074-6349-3721-A2C9-A6693AFF36C9} = {50C55074-6349-3721-A2C9-A6693AFF36C9}
		{D8ABBA70-3D13-31F3-8D6F-F706FFE69826} = {D8ABBA70-3D13-31F3-8D6F-F706FFE69826}
	EndProjectSection
EndProject
Project("{8BC9CEB8-8B4A-11D0-8D11-00A0C91BC942}") = "pima_indians_diabetes", "examples\pima_indians_diabetes\pima_indians_diabetes.vcxproj", "{123747EF-C858-3D66-91B4-B48166B478A2}"
	ProjectSection(ProjectDependencies) = postProject
		{796FCAA1-2173-3EFB-9BE9-14A40C7C9220} = {796FCAA1-2173-3EFB-9BE9-14A40C7C9220}
		{50C55074-6349-3721-A2C9-A6693AFF36C9} = {50C55074-6349-3721-A2C9-A6693AFF36C9}
		{D8ABBA70-3D13-31F3-8D6F-F706FFE69826} = {D8ABBA70-3D13-31F3-8D6F-F706FFE69826}
	EndProjectSection
EndProject
Project("{8BC9CEB8-8B4A-11D0-8D11-00A0C91BC942}") = "simple_function_regression", "examples\simple_function_regression\simple_function_regression.vcxproj", "{5FCD91AC-7392-3C00-A507-02E2D4CC681F}"
	ProjectSection(ProjectDependencies) = postProject
		{796FCAA1-2173-3EFB-9BE9-14A40C7C9220} = {796FCAA1-2173-3EFB-9BE9-14A40C7C9220}
		{50C55074-6349-3721-A2C9-A6693AFF36C9} = {50C55074-6349-3721-A2C9-A6693AFF36C9}
		{D8ABBA70-3D13-31F3-8D6F-F706FFE69826} = {D8ABBA70-3D13-31F3-8D6F-F706FFE69826}
	EndProjectSection
EndProject
Project("{8BC9CEB8-8B4A-11D0-8D11-00A0C91BC942}") = "simple_pattern_recognition", "examples\simple_pattern_recognition\simple_pattern_recognition.vcxproj", "{6F8CB304-7E14-3A66-9DCB-904A84798B29}"
	ProjectSection(ProjectDependencies) = postProject
		{796FCAA1-2173-3EFB-9BE9-14A40C7C9220} = {796FCAA1-2173-3EFB-9BE9-14A40C7C9220}
		{50C55074-6349-3721-A2C9-A6693AFF36C9} = {50C55074-6349-3721-A2C9-A6693AFF36C9}
		{D8ABBA70-3D13-31F3-8D6F-F706FFE69826} = {D8ABBA70-3D13-31F3-8D6F-F706FFE69826}
	EndProjectSection
EndProject
Project("{8BC9CEB8-8B4A-11D0-8D11-00A0C91BC942}") = "tinyxml2", "tinyxml2\tinyxml2.vcxproj", "{D8ABBA70-3D13-31F3-8D6F-F706FFE69826}"
	ProjectSection(ProjectDependencies) = postProject
		{796FCAA1-2173-3EFB-9BE9-14A40C7C9220} = {796FCAA1-2173-3EFB-9BE9-14A40C7C9220}
	EndProjectSection
EndProject
Project("{8BC9CEB8-8B4A-11D0-8D11-00A0C91BC942}") = "urinary_inflammations_diagnosis", "examples\urinary_inflammations_diagnosis\urinary_inflammations_diagnosis.vcxproj", "{4EA569AF-CFDB-3146-891D-DD716414595B}"
	ProjectSection(ProjectDependencies) = postProject
		{796FCAA1-2173-3EFB-9BE9-14A40C7C9220} = {796FCAA1-2173-3EFB-9BE9-14A40C7C9220}
		{50C55074-6349-3721-A2C9-A6693AFF36C9} = {50C55074-6349-3721-A2C9-A6693AFF36C9}
		{D8ABBA70-3D13-31F3-8D6F-F706FFE69826} = {D8ABBA70-3D13-31F3-8D6F-F706FFE69826}
	EndProjectSection
EndProject
Project("{8BC9CEB8-8B4A-11D0-8D11-00A0C91BC942}") = "yacht_hydrodynamics_design", "examples\yacht_hydrodynamics_design\yacht_hydrodynamics_design.vcxproj", "{D6A95CD4-FB2D-3AF1-A933-2CA948C0D44E}"
	ProjectSection(ProjectDependencies) = postProject
		{796FCAA1-2173-3EFB-9BE9-14A40C7C9220} = {796FCAA1-2173-3EFB-9BE9-14A40C7C9220}
		{50C55074-6349-3721-A2C9-A6693AFF36C9} = {50C55074-6349-3721-A2C9-A6693AFF36C9}
		{D8ABBA70-3D13-31F3-8D6F-F706FFE69826} = {D8ABBA70-3D13-31F3-8D6F-F706FFE69826}
	EndProjectSection
EndProject
Project("{8BC9CEB8-8B4A-11D0-8D11-00A0C91BC942}") = "yacht_hydrodynamics_production", "examples\yacht_hydrodynamics_production\yacht_hydrodynamics_production.vcxproj", "{9D5A02F1-116C-346E-8988-13EBDD041A38}"
	ProjectSection(ProjectDependencies) = postProject
		{796FCAA1-2173-3EFB-9BE9-14A40C7C9220} = {796FCAA1-2173-3EFB-9BE9-14A40C7C9220}
		{50C55074-6349-3721-A2C9-A6693AFF36C9} = {50C55074-6349-3721-A2C9-A6693AFF36C9}
		{D8ABBA70-3D13-31F3-8D6F-F706FFE69826} = {D8ABBA70-3D13-31F3-8D6F-F706FFE69826}
	EndProjectSection
EndProject
Global
	GlobalSection(SolutionConfigurationPlatforms) = preSolution
		Debug|Win32 = Debug|Win32
		Release|Win32 = Release|Win32
		MinSizeRel|Win32 = MinSizeRel|Win32
		RelWithDebInfo|Win32 = RelWithDebInfo|Win32
	EndGlobalSection
	GlobalSection(ProjectConfigurationPlatforms) = postSolution
		{AA1C5FCD-0982-3AB9-809F-4C49A473BA5F}.Debug|Win32.ActiveCfg = Debug|Win32
		{AA1C5FCD-0982-3AB9-809F-4C49A473BA5F}.Debug|Win32.Build.0 = Debug|Win32
		{AA1C5FCD-0982-3AB9-809F-4C49A473BA5F}.Release|Win32.ActiveCfg = Release|Win32
		{AA1C5FCD-0982-3AB9-809F-4C49A473BA5F}.Release|Win32.Build.0 = Release|Win32
		{AA1C5FCD-0982-3AB9-809F-4C49A473BA5F}.MinSizeRel|Win32.ActiveCfg = MinSizeRel|Win32
		{AA1C5FCD-0982-3AB9-809F-4C49A473BA5F}.MinSizeRel|Win32.Build.0 = MinSizeRel|Win32
		{AA1C5FCD-0982-3AB9-809F-4C49A473BA5F}.RelWithDebInfo|Win32.ActiveCfg = RelWithDebInfo|Win32
		{AA1C5FCD-0982-3AB9-809F-4C49A473BA5F}.RelWithDebInfo|Win32.Build.0 = RelWithDebInfo|Win32
		{DBBE2236-FA3A-35A6-AE8F-C0DC73C8C85F}.Debug|Win32.ActiveCfg = Debug|Win32
		{DBBE2236-FA3A-35A6-AE8F-C0DC73C8C85F}.Release|Win32.ActiveCfg = Release|Win32
		{DBBE2236-FA3A-35A6-AE8F-C0DC73C8C85F}.MinSizeRel|Win32.ActiveCfg = MinSizeRel|Win32
		{DBBE2236-FA3A-35A6-AE8F-C0DC73C8C85F}.RelWithDebInfo|Win32.ActiveCfg = RelWithDebInfo|Win32
		{25C88A5A-5D29-352C-A6CF-FDDF96F76DE6}.Debug|Win32.ActiveCfg = Debug|Win32
		{25C88A5A-5D29-352C-A6CF-FDDF96F76DE6}.Release|Win32.ActiveCfg = Release|Win32
		{25C88A5A-5D29-352C-A6CF-FDDF96F76DE6}.MinSizeRel|Win32.ActiveCfg = MinSizeRel|Win32
		{25C88A5A-5D29-352C-A6CF-FDDF96F76DE6}.RelWithDebInfo|Win32.ActiveCfg = RelWithDebInfo|Win32
		{796FCAA1-2173-3EFB-9BE9-14A40C7C9220}.Debug|Win32.ActiveCfg = Debug|Win32
		{796FCAA1-2173-3EFB-9BE9-14A40C7C9220}.Debug|Win32.Build.0 = Debug|Win32
		{796FCAA1-2173-3EFB-9BE9-14A40C7C9220}.Release|Win32.ActiveCfg = Release|Win32
		{796FCAA1-2173-3EFB-9BE9-14A40C7C9220}.Release|Win32.Build.0 = Release|Win32
		{796FCAA1-2173-3EFB-9BE9-14A40C7C9220}.MinSizeRel|Win32.ActiveCfg = MinSizeRel|Win32
		{796FCAA1-2173-3EFB-9BE9-14A40C7C9220}.MinSizeRel|Win32.Build.0 = MinSizeRel|Win32
		{796FCAA1-2173-3EFB-9BE9-14A40C7C9220}.RelWithDebInfo|Win32.ActiveCfg = RelWithDebInfo|Win32
		{796FCAA1-2173-3EFB-9BE9-14A40C7C9220}.RelWithDebInfo|Win32.Build.0 = RelWithDebInfo|Win32
		{F08E2667-D11A-33D6-94F0-57AAB9D8C620}.Debug|Win32.ActiveCfg = Debug|Win32
		{F08E2667-D11A-33D6-94F0-57AAB9D8C620}.Debug|Win32.Build.0 = Debug|Win32
		{F08E2667-D11A-33D6-94F0-57AAB9D8C620}.Release|Win32.ActiveCfg = Release|Win32
		{F08E2667-D11A-33D6-94F0-57AAB9D8C620}.Release|Win32.Build.0 = Release|Win32
		{F08E2667-D11A-33D6-94F0-57AAB9D8C620}.MinSizeRel|Win32.ActiveCfg = MinSizeRel|Win32
		{F08E2667-D11A-33D6-94F0-57AAB9D8C620}.MinSizeRel|Win32.Build.0 = MinSizeRel|Win32
		{F08E2667-D11A-33D6-94F0-57AAB9D8C620}.RelWithDebInfo|Win32.ActiveCfg = RelWithDebInfo|Win32
		{F08E2667-D11A-33D6-94F0-57AAB9D8C620}.RelWithDebInfo|Win32.Build.0 = RelWithDebInfo|Win32
		{4931D88E-4F8E-3E15-B232-78DE2FF94776}.Debug|Win32.ActiveCfg = Debug|Win32
		{4931D88E-4F8E-3E15-B232-78DE2FF94776}.Debug|Win32.Build.0 = Debug|Win32
		{4931D88E-4F8E-3E15-B232-78DE2FF94776}.Release|Win32.ActiveCfg = Release|Win32
		{4931D88E-4F8E-3E15-B232-78DE2FF94776}.Release|Win32.Build.0 = Release|Win32
		{4931D88E-4F8E-3E15-B232-78DE2FF94776}.MinSizeRel|Win32.ActiveCfg = MinSizeRel|Win32
		{4931D88E-4F8E-3E15-B232-78DE2FF94776}.MinSizeRel|Win32.Build.0 = MinSizeRel|Win32
		{4931D88E-4F8E-3E15-B232-78DE2FF94776}.RelWithDebInfo|Win32.ActiveCfg = RelWithDebInfo|Win32
		{4931D88E-4F8E-3E15-B232-78DE2FF94776}.RelWithDebInfo|Win32.Build.0 = RelWithDebInfo|Win32
		{7807EA2D-DCC1-3B27-9F07-E0B8F6ADF354}.Debug|Win32.ActiveCfg = Debug|Win32
		{7807EA2D-DCC1-3B27-9F07-E0B8F6ADF354}.Debug|Win32.Build.0 = Debug|Win32
		{7807EA2D-DCC1-3B27-9F07-E0B8F6ADF354}.Release|Win32.ActiveCfg = Release|Win32
		{7807EA2D-DCC1-3B27-9F07-E0B8F6ADF354}.Release|Win32.Build.0 = Release|Win32
		{7807EA2D-DCC1-3B27-9F07-E0B8F6ADF354}.MinSizeRel|Win32.ActiveCfg = MinSizeRel|Win32
		{7807EA2D-DCC1-3B27-9F07-E0B8F6ADF354}.MinSizeRel|Win32.Build.0 = MinSizeRel|Win32
		{7807EA2D-DCC1-3B27-9F07-E0B8F6ADF354}.RelWithDebInfo|Win32.ActiveCfg = RelWithDebInfo|Win32
		{7807EA2D-DCC1-3B27-9F07-E0B8F6ADF354}.RelWithDebInfo|Win32.Build.0 = RelWithDebInfo|Win32
		{6F2BDF16-216A-3884-99AD-D1A6EBEF6C26}.Debug|Win32.ActiveCfg = Debug|Win32
		{6F2BDF16-216A-3884-99AD-D1A6EBEF6C26}.Debug|Win32.Build.0 = Debug|Win32
		{6F2BDF16-216A-3884-99AD-D1A6EBEF6C26}.Release|Win32.ActiveCfg = Release|Win32
		{6F2BDF16-216A-3884-99AD-D1A6EBEF6C26}.Release|Win32.Build.0 = Release|Win32
		{6F2BDF16-216A-3884-99AD-D1A6EBEF6C26}.MinSizeRel|Win32.ActiveCfg = MinSizeRel|Win32
		{6F2BDF16-216A-3884-99AD-D1A6EBEF6C26}.MinSizeRel|Win32.Build.0 = MinSizeRel|Win32
		{6F2BDF16-216A-3884-99AD-D1A6EBEF6C26}.RelWithDebInfo|Win32.ActiveCfg = RelWithDebInfo|Win32
		{6F2BDF16-216A-3884-99AD-D1A6EBEF6C26}.RelWithDebInfo|Win32.Build.0 = RelWithDebInfo|Win32
		{BB3BBF45-97F6-3E23-AA29-7D46ECBD5345}.Debug|Win32.ActiveCfg = Debug|Win32
		{BB3BBF45-97F6-3E23-AA29-7D46ECBD5345}.Debug|Win32.Build.0 = Debug|Win32
		{BB3BBF45-97F6-3E23-AA29-7D46ECBD5345}.Release|Win32.ActiveCfg = Release|Win32
		{BB3BBF45-97F6-3E23-AA29-7D46ECBD5345}.Release|Win32.Build.0 = Release|Win32
		{BB3BBF45-97F6-3E23-AA29-7D46ECBD5345}.MinSizeRel|Win32.ActiveCfg = MinSizeRel|Win32
		{BB3BBF45-97F6-3E23-AA29-7D46ECBD5345}.MinSizeRel|Win32.Build.0 = MinSizeRel|Win32
		{BB3BBF45-97F6-3E23-AA29-7D46ECBD5345}.RelWithDebInfo|Win32.ActiveCfg = RelWithDebInfo|Win32
		{BB3BBF45-97F6-3E23-AA29-7D46ECBD5345}.RelWithDebInfo|Win32.Build.0 = RelWithDebInfo|Win32
		{94FF17D0-B82E-3B63-B722-18043E08D81D}.Debug|Win32.ActiveCfg = Debug|Win32
		{94FF17D0-B82E-3B63-B722-18043E08D81D}.Debug|Win32.Build.0 = Debug|Win32
		{94FF17D0-B82E-3B63-B722-18043E08D81D}.Release|Win32.ActiveCfg = Release|Win32
		{94FF17D0-B82E-3B63-B722-18043E08D81D}.Release|Win32.Build.0 = Release|Win32
		{94FF17D0-B82E-3B63-B722-18043E08D81D}.MinSizeRel|Win32.ActiveCfg = MinSizeRel|Win32
		{94FF17D0-B82E-3B63-B722-18043E08D81D}.MinSizeRel|Win32.Build.0 = MinSizeRel|Win32
		{94FF17D0-B82E-3B63-B722-18043E08D81D}.RelWithDebInfo|Win32.ActiveCfg = RelWithDebInfo|Win32
		{94FF17D0-B82E-3B63-B722-18043E08D81D}.RelWithDebInfo|Win32.Build.0 = RelWithDebInfo|Win32
		{50C55074-6349-3721-A2C9-A6693AFF36C9}.Debug|Win32.ActiveCfg = Debug|Win32
		{50C55074-6349-3721-A2C9-A6693AFF36C9}.Debug|Win32.Build.0 = Debug|Win32
		{50C55074-6349-3721-A2C9-A6693AFF36C9}.Release|Win32.ActiveCfg = Release|Win32
		{50C55074-6349-3721-A2C9-A6693AFF36C9}.Release|Win32.Build.0 = Release|Win32
		{50C55074-6349-3721-A2C9-A6693AFF36C9}.MinSizeRel|Win32.ActiveCfg = MinSizeRel|Win32
		{50C55074-6349-3721-A2C9-A6693AFF36C9}.MinSizeRel|Win32.Build.0 = MinSizeRel|Win32
		{50C55074-6349-3721-A2C9-A6693AFF36C9}.RelWithDebInfo|Win32.ActiveCfg = RelWithDebInfo|Win32
		{50C55074-6349-3721-A2C9-A6693AFF36C9}.RelWithDebInfo|Win32.Build.0 = RelWithDebInfo|Win32
		{E6E7E95A-03D9-3E98-9DFB-132EE141754F}.Debug|Win32.ActiveCfg = Debug|Win32
		{E6E7E95A-03D9-3E98-9DFB-132EE141754F}.Debug|Win32.Build.0 = Debug|Win32
		{E6E7E95A-03D9-3E98-9DFB-132EE141754F}.Release|Win32.ActiveCfg = Release|Win32
		{E6E7E95A-03D9-3E98-9DFB-132EE141754F}.Release|Win32.Build.0 = Release|Win32
		{E6E7E95A-03D9-3E98-9DFB-132EE141754F}.MinSizeRel|Win32.ActiveCfg = MinSizeRel|Win32
		{E6E7E95A-03D9-3E98-9DFB-132EE141754F}.MinSizeRel|Win32.Build.0 = MinSizeRel|Win32
		{E6E7E95A-03D9-3E98-9DFB-132EE141754F}.RelWithDebInfo|Win32.ActiveCfg = RelWithDebInfo|Win32
		{E6E7E95A-03D9-3E98-9DFB-132EE141754F}.RelWithDebInfo|Win32.Build.0 = RelWithDebInfo|Win32
		{123747EF-C858-3D66-91B4-B48166B478A2}.Debug|Win32.ActiveCfg = Debug|Win32
		{123747EF-C858-3D66-91B4-B48166B478A2}.Debug|Win32.Build.0 = Debug|Win32
		{123747EF-C858-3D66-91B4-B48166B478A2}.Release|Win32.ActiveCfg = Release|Win32
		{123747EF-C858-3D66-91B4-B48166B478A2}.Release|Win32.Build.0 = Release|Win32
		{123747EF-C858-3D66-91B4-B48166B478A2}.MinSizeRel|Win32.ActiveCfg = MinSizeRel|Win32
		{123747EF-C858-3D66-91B4-B48166B478A2}.MinSizeRel|Win32.Build.0 = MinSizeRel|Win32
		{123747EF-C858-3D66-91B4-B48166B478A2}.RelWithDebInfo|Win32.ActiveCfg = RelWithDebInfo|Win32
		{123747EF-C858-3D66-91B4-B48166B478A2}.RelWithDebInfo|Win32.Build.0 = RelWithDebInfo|Win32
		{5FCD91AC-7392-3C00-A507-02E2D4CC681F}.Debug|Win32.ActiveCfg = Debug|Win32
		{5FCD91AC-7392-3C00-A507-02E2D4CC681F}.Debug|Win32.Build.0 = Debug|Win32
		{5FCD91AC-7392-3C00-A507-02E2D4CC681F}.Release|Win32.ActiveCfg = Release|Win32
		{5FCD91AC-7392-3C00-A507-02E2D4CC681F}.Release|Win32.Build.0 = Release|Win32
		{5FCD91AC-7392-3C00-A507-02E2D4CC681F}.MinSizeRel|Win32.ActiveCfg = MinSizeRel|Win32
		{5FCD91AC-7392-3C00-A507-02E2D4CC681F}.MinSizeRel|Win32.Build.0 = MinSizeRel|Win32
		{5FCD91AC-7392-3C00-A507-02E2D4CC681F}.RelWithDebInfo|Win32.ActiveCfg = RelWithDebInfo|Win32
		{5FCD91AC-7392-3C00-A507-02E2D4CC681F}.RelWithDebInfo|Win32.Build.0 = RelWithDebInfo|Win32
		{6F8CB304-7E14-3A66-9DCB-904A84798B29}.Debug|Win32.ActiveCfg = Debug|Win32
		{6F8CB304-7E14-3A66-9DCB-904A84798B29}.Debug|Win32.Build.0 = Debug|Win32
		{6F8CB304-7E14-3A66-9DCB-904A84798B29}.Release|Win32.ActiveCfg = Release|Win32
		{6F8CB304-7E14-3A66-9DCB-904A84798B29}.Release|Win32.Build.0 = Release|Win32
		{6F8CB304-7E14-3A66-9DCB-904A84798B29}.MinSizeRel|Win32.ActiveCfg = MinSizeRel|Win32
		{6F8CB304-7E14-3A66-9DCB-904A84798B29}.MinSizeRel|Win32.Build.0 = MinSizeRel|Win32
		{6F8CB304-7E14-3A66-9DCB-904A84798B29}.RelWithDebInfo|Win32.ActiveCfg = RelWithDebInfo|Win32
		{6F8CB304-7E14-3A66-9DCB-904A84798B29}.RelWithDebInfo|Win32.Build.0 = RelWithDebInfo|Win32
		{D8ABBA70-3D13-31F3-8D6F-F706FFE69826}.Debug|Win32.ActiveCfg = Debug|Win32
		{D8ABBA70-3D13-31F3-8D6F-F706FFE69826}.Debug|Win32.Build.0 = Debug|Win32
		{D8ABBA70-3D13-31F3-8D6F-F706FFE69826}.Release|Win32.ActiveCfg = Release|Win32
		{D8ABBA70-3D13-31F3-8D6F-F706FFE69826}.Release|Win32.Build.0 = Release|Win32
		{D8ABBA70-3D13-31F3-8D6F-F706FFE69826}.MinSizeRel|Win32.ActiveCfg = MinSizeRel|Win32
		{D8ABBA70-3D13-31F3-8D6F-F706FFE69826}.MinSizeRel|Win32.Build.0 = MinSizeRel|Win32
		{D8ABBA70-3D13-31F3-8D6F-F706FFE69826}.RelWithDebInfo|Win32.ActiveCfg = RelWithDebInfo|Win32
		{D8ABBA70-3D13-31F3-8D6F-F706FFE69826}.RelWithDebInfo|Win32.Build.0 = RelWithDebInfo|Win32
		{4EA569AF-CFDB-3146-891D-DD716414595B}.Debug|Win32.ActiveCfg = Debug|Win32
		{4EA569AF-CFDB-3146-891D-DD716414595B}.Debug|Win32.Build.0 = Debug|Win32
		{4EA569AF-CFDB-3146-891D-DD716414595B}.Release|Win32.ActiveCfg = Release|Win32
		{4EA569AF-CFDB-3146-891D-DD716414595B}.Release|Win32.Build.0 = Release|Win32
		{4EA569AF-CFDB-3146-891D-DD716414595B}.MinSizeRel|Win32.ActiveCfg = MinSizeRel|Win32
		{4EA569AF-CFDB-3146-891D-DD716414595B}.MinSizeRel|Win32.Build.0 = MinSizeRel|Win32
		{4EA569AF-CFDB-3146-891D-DD716414595B}.RelWithDebInfo|Win32.ActiveCfg = RelWithDebInfo|Win32
		{4EA569AF-CFDB-3146-891D-DD716414595B}.RelWithDebInfo|Win32.Build.0 = RelWithDebInfo|Win32
		{D6A95CD4-FB2D-3AF1-A933-2CA948C0D44E}.Debug|Win32.ActiveCfg = Debug|Win32
		{D6A95CD4-FB2D-3AF1-A933-2CA948C0D44E}.Debug|Win32.Build.0 = Debug|Win32
		{D6A95CD4-FB2D-3AF1-A933-2CA948C0D44E}.Release|Win32.ActiveCfg = Release|Win32
		{D6A95CD4-FB2D-3AF1-A933-2CA948C0D44E}.Release|Win32.Build.0 = Release|Win32
		{D6A95CD4-FB2D-3AF1-A933-2CA948C0D44E}.MinSizeRel|Win32.ActiveCfg = MinSizeRel|Win32
		{D6A95CD4-FB2D-3AF1-A933-2CA948C0D44E}.MinSizeRel|Win32.Build.0 = MinSizeRel|Win32
		{D6A95CD4-FB2D-3AF1-A933-2CA948C0D44E}.RelWithDebInfo|Win32.ActiveCfg = RelWithDebInfo|Win32
		{D6A95CD4-FB2D-3AF1-A933-2CA948C0D44E}.RelWithDebInfo|Win32.Build.0 = RelWithDebInfo|Win32
		{9D5A02F1-116C-346E-8988-13EBDD041A38}.Debug|Win32.ActiveCfg = Debug|Win32
		{9D5A02F1-116C-346E-8988-13EBDD041A38}.Debug|Win32.Build.0 = Debug|Win32
		{9D5A02F1-116C-346E-8988-13EBDD041A38}.Release|Win32.ActiveCfg = Release|Win32
		{9D5A02F1-116C-346E-8988-13EBDD041A38}.Release|Win32.Build.0 = Release|Win32
		{9D5A02F1-116C-346E-8988-13EBDD041A38}.MinSizeRel|Win32.ActiveCfg = MinSizeRel|Win32
		{9D5A02F1-116C-346E-8988-13EBDD041A38}.MinSizeRel|Win32.Build.0 = MinSizeRel|Win32
		{9D5A02F1-116C-346E-8988-13EBDD041A38}.RelWithDebInfo|Win32.ActiveCfg = RelWithDebInfo|Win32
		{9D5A02F1-116C-346E-8988-13EBDD041A38}.RelWithDebInfo|Win32.Build.0 = RelWithDebInfo|Win32
	EndGlobalSection
	GlobalSection(ExtensibilityGlobals) = postSolution
		SolutionGuid = {FBC4D785-E3F1-3A53-8486-A4B07B9E8DE3}
	EndGlobalSection
	GlobalSection(ExtensibilityAddIns) = postSolution
	EndGlobalSection
EndGlobal
